
Microsoft Visual Studio Solution File, Format Version 12.00
# Visual Studio Version 16
VisualStudioVersion = 16.0.30611.23
MinimumVisualStudioVersion = 10.0.40219.1
Project("{FAE04EC0-301F-11D3-BF4B-00C04F79EFBC}") = "LogBuddy", "LogBuddy.csproj", "{A3CA1B62-E2F5-42A9-8056-58D3342D090D}"
EndProject
Global
	GlobalSection(SolutionConfigurationPlatforms) = preSolution
		Debug|Any CPU = Debug|Any CPU
		Release|Any CPU = Release|Any CPU
	EndGlobalSection
	GlobalSection(ProjectConfigurationPlatforms) = postSolution
		{A3CA1B62-E2F5-42A9-8056-58D3342D090D}.Debug|Any CPU.ActiveCfg = Debug|Any CPU
		{A3CA1B62-E2F5-42A9-8056-58D3342D090D}.Debug|Any CPU.Build.0 = Debug|Any CPU
		{A3CA1B62-E2F5-42A9-8056-58D3342D090D}.Release|Any CPU.ActiveCfg = Release|Any CPU
		{A3CA1B62-E2F5-42A9-8056-58D3342D090D}.Release|Any CPU.Build.0 = Release|Any CPU
	EndGlobalSection
	GlobalSection(SolutionProperties) = preSolution
		HideSolutionNode = FALSE
	EndGlobalSection
	GlobalSection(ExtensibilityGlobals) = postSolution
		SolutionGuid = {E3418BA8-F4C6-4625-B590-9085ED9E52C4}
	EndGlobalSection
EndGlobal
